// !$*UTF8*$!
{
	archiveVersion = 1;
	classes = {
	};
	objectVersion = 77;
	objects = {

/* Begin PBXBuildFile section */
		1870155D2E6EB8D1004F268E /* SlideMenuViewControllerApp.swift in Sources */ = {isa = PBXBuildFile; fileRef = 1870155C2E6EB8D1004F268E /* SlideMenuViewControllerApp.swift */; };
		187015622E6EB8D1004F268E /* SlideMenuViewController.xcdatamodeld in Sources */ = {isa = PBXBuildFile; fileRef = 187015602E6EB8D1004F268E /* SlideMenuViewController.xcdatamodeld */; };
		187015642E6EB8D1004F268E /* ContentView.swift in Sources */ = {isa = PBXBuildFile; fileRef = 187015632E6EB8D1004F268E /* ContentView.swift */; };
		1870158F2E6EBB69004F268E /* SlideMenuViewController.swift in Sources */ = {isa = PBXBuildFile; fileRef = 1870158E2E6EBB69004F268E /* SlideMenuViewController.swift */; };
		187015912E6EBC47004F268E /* Folder.swift in Sources */ = {isa = PBXBuildFile; fileRef = 187015902E6EBC47004F268E /* Folder.swift */; };
/* End PBXBuildFile section */

/* Begin PBXContainerItemProxy section */
		187015702E6EB8D3004F268E /* PBXContainerItemProxy */ = {
			isa = PBXContainerItemProxy;
			containerPortal = 187015512E6EB8D1004F268E /* Project object */;
			proxyType = 1;
			remoteGlobalIDString = 187015582E6EB8D1004F268E;
			remoteInfo = SlideMenuViewController;
		};
		1870157A2E6EB8D3004F268E /* PBXContainerItemProxy */ = {
			isa = PBXContainerItemProxy;
			containerPortal = 187015512E6EB8D1004F268E /* Project object */;
			proxyType = 1;
			remoteGlobalIDString = 187015582E6EB8D1004F268E;
			remoteInfo = SlideMenuViewController;
		};
/* End PBXContainerItemProxy section */

/* Begin PBXFileReference section */
		187015592E6EB8D1004F268E /* SlideMenuViewController.app */ = {isa = PBXFileReference; explicitFileType = wrapper.application; includeInIndex = 0; path = SlideMenuViewController.app; sourceTree = BUILT_PRODUCTS_DIR; };
		1870155C2E6EB8D1004F268E /* SlideMenuViewControllerApp.swift */ = {isa = PBXFileReference; lastKnownFileType = sourcecode.swift; path = SlideMenuViewControllerApp.swift; sourceTree = "<group>"; };
		187015612E6EB8D1004F268E /* SlideMenuViewController.xcdatamodel */ = {isa = PBXFileReference; lastKnownFileType = wrapper.xcdatamodel; path = SlideMenuViewController.xcdatamodel; sourceTree = "<group>"; };
		187015632E6EB8D1004F268E /* ContentView.swift */ = {isa = PBXFileReference; lastKnownFileType = sourcecode.swift; path = ContentView.swift; sourceTree = "<group>"; };
		1870156F2E6EB8D3004F268E /* SlideMenuViewControllerTests.xctest */ = {isa = PBXFileReference; explicitFileType = wrapper.cfbundle; includeInIndex = 0; path = SlideMenuViewControllerTests.xctest; sourceTree = BUILT_PRODUCTS_DIR; };
		187015792E6EB8D3004F268E /* SlideMenuViewControllerUITests.xctest */ = {isa = PBXFileReference; explicitFileType = wrapper.cfbundle; includeInIndex = 0; path = SlideMenuViewControllerUITests.xctest; sourceTree = BUILT_PRODUCTS_DIR; };
		1870158E2E6EBB69004F268E /* SlideMenuViewController.swift */ = {isa = PBXFileReference; lastKnownFileType = sourcecode.swift; path = SlideMenuViewController.swift; sourceTree = "<group>"; };
		187015902E6EBC47004F268E /* Folder.swift */ = {isa = PBXFileReference; lastKnownFileType = sourcecode.swift; path = Folder.swift; sourceTree = "<group>"; };
/* End PBXFileReference section */

/* Begin PBXFileSystemSynchronizedRootGroup section */
		1870155B2E6EB8D1004F268E /* SlideMenuViewController */ = {
			isa = PBXFileSystemSynchronizedRootGroup;
			path = SlideMenuViewController;
			sourceTree = "<group>";
		};
		187015722E6EB8D3004F268E /* SlideMenuViewControllerTests */ = {
			isa = PBXFileSystemSynchronizedRootGroup;
			path = SlideMenuViewControllerTests;
			sourceTree = "<group>";
		};
		1870157C2E6EB8D3004F268E /* SlideMenuViewControllerUITests */ = {
			isa = PBXFileSystemSynchronizedRootGroup;
			path = SlideMenuViewControllerUITests;
			sourceTree = "<group>";
		};
/* End PBXFileSystemSynchronizedRootGroup section */

/* Begin PBXFrameworksBuildPhase section */
		187015562E6EB8D1004F268E /* Frameworks */ = {
			isa = PBXFrameworksBuildPhase;
			buildActionMask = 2147483647;
			files = (
			);
			runOnlyForDeploymentPostprocessing = 0;
		};
		1870156C2E6EB8D3004F268E /* Frameworks */ = {
			isa = PBXFrameworksBuildPhase;
			buildActionMask = 2147483647;
			files = (
			);
			runOnlyForDeploymentPostprocessing = 0;
		};
		187015762E6EB8D3004F268E /* Frameworks */ = {
			isa = PBXFrameworksBuildPhase;
			buildActionMask = 2147483647;
			files = (
			);
			runOnlyForDeploymentPostprocessing = 0;
		};
/* End PBXFrameworksBuildPhase section */

/* Begin PBXGroup section */
		187015502E6EB8D1004F268E = {
			isa = PBXGroup;
			children = (
				1870155C2E6EB8D1004F268E /* SlideMenuViewControllerApp.swift */,
				187015632E6EB8D1004F268E /* ContentView.swift */,
				1870158E2E6EBB69004F268E /* SlideMenuViewController.swift */,
				187015902E6EBC47004F268E /* Folder.swift */,
				187015602E6EB8D1004F268E /* SlideMenuViewController.xcdatamodeld */,
				1870155B2E6EB8D1004F268E /* SlideMenuViewController */,
				187015722E6EB8D3004F268E /* SlideMenuViewControllerTests */,
				1870157C2E6EB8D3004F268E /* SlideMenuViewControllerUITests */,
				1870155A2E6EB8D1004F268E /* Products */,
			);
			sourceTree = "<group>";
		};
		1870155A2E6EB8D1004F268E /* Products */ = {
			isa = PBXGroup;
			children = (
				187015592E6EB8D1004F268E /* SlideMenuViewController.app */,
				1870156F2E6EB8D3004F268E /* SlideMenuViewControllerTests.xctest */,
				187015792E6EB8D3004F268E /* SlideMenuViewControllerUITests.xctest */,
			);
			name = Products;
			sourceTree = "<group>";
		};
/* End PBXGroup section */

/* Begin PBXNativeTarget section */
		187015582E6EB8D1004F268E /* SlideMenuViewController */ = {
			isa = PBXNativeTarget;
			buildConfigurationList = 187015832E6EB8D3004F268E /* Build configuration list for PBXNativeTarget "SlideMenuViewController" */;
			buildPhases = (
				187015552E6EB8D1004F268E /* Sources */,
				187015562E6EB8D1004F268E /* Frameworks */,
				187015572E6EB8D1004F268E /* Resources */,
			);
			buildRules = (
			);
			dependencies = (
			);
			fileSystemSynchronizedGroups = (
				1870155B2E6EB8D1004F268E /* SlideMenuViewController */,
			);
			name = SlideMenuViewController;
			packageProductDependencies = (
			);
			productName = SlideMenuViewController;
			productReference = 187015592E6EB8D1004F268E /* SlideMenuViewController.app */;
			productType = "com.apple.product-type.application";
		};
		1870156E2E6EB8D3004F268E /* SlideMenuViewControllerTests */ = {
			isa = PBXNativeTarget;
			buildConfigurationList = 187015862E6EB8D3004F268E /* Build configuration list for PBXNativeTarget "SlideMenuViewControllerTests" */;
			buildPhases = (
				1870156B2E6EB8D3004F268E /* Sources */,
				1870156C2E6EB8D3004F268E /* Frameworks */,
				1870156D2E6EB8D3004F268E /* Resources */,
			);
			buildRules = (
			);
			dependencies = (
				187015712E6EB8D3004F268E /* PBXTargetDependency */,
			);
			fileSystemSynchronizedGroups = (
				187015722E6EB8D3004F268E /* SlideMenuViewControllerTests */,
			);
			name = SlideMenuViewControllerTests;
			packageProductDependencies = (
			);
			productName = SlideMenuViewControllerTests;
			productReference = 1870156F2E6EB8D3004F268E /* SlideMenuViewControllerTests.xctest */;
			productType = "com.apple.product-type.bundle.unit-test";
		};
		187015782E6EB8D3004F268E /* SlideMenuViewControllerUITests */ = {
			isa = PBXNativeTarget;
			buildConfigurationList = 187015892E6EB8D3004F268E /* Build configuration list for PBXNativeTarget "SlideMenuViewControllerUITests" */;
			buildPhases = (
				187015752E6EB8D3004F268E /* Sources */,
				187015762E6EB8D3004F268E /* Frameworks */,
				187015772E6EB8D3004F268E /* Resources */,
			);
			buildRules = (
			);
			dependencies = (
				1870157B2E6EB8D3004F268E /* PBXTargetDependency */,
			);
			fileSystemSynchronizedGroups = (
				1870157C2E6EB8D3004F268E /* SlideMenuViewControllerUITests */,
			);
			name = SlideMenuViewControllerUITests;
			packageProductDependencies = (
			);
			productName = SlideMenuViewControllerUITests;
			productReference = 187015792E6EB8D3004F268E /* SlideMenuViewControllerUITests.xctest */;
			productType = "com.apple.product-type.bundle.ui-testing";
		};
/* End PBXNativeTarget section */

/* Begin PBXProject section */
		187015512E6EB8D1004F268E /* Project object */ = {
			isa = PBXProject;
			attributes = {
				BuildIndependentTargetsInParallel = 1;
				LastSwiftUpdateCheck = 1620;
				LastUpgradeCheck = 1620;
				TargetAttributes = {
					187015582E6EB8D1004F268E = {
						CreatedOnToolsVersion = 16.2;
					};
					1870156E2E6EB8D3004F268E = {
						CreatedOnToolsVersion = 16.2;
						TestTargetID = 187015582E6EB8D1004F268E;
					};
					187015782E6EB8D3004F268E = {
						CreatedOnToolsVersion = 16.2;
						TestTargetID = 187015582E6EB8D1004F268E;
					};
				};
			};
			buildConfigurationList = 187015542E6EB8D1004F268E /* Build configuration list for PBXProject "SlideMenuViewController" */;
			developmentRegion = en;
			hasScannedForEncodings = 0;
			knownRegions = (
				en,
				Base,
			);
			mainGroup = 187015502E6EB8D1004F268E;
			minimizedProjectReferenceProxies = 1;
			preferredProjectObjectVersion = 77;
			productRefGroup = 1870155A2E6EB8D1004F268E /* Products */;
			projectDirPath = "";
			projectRoot = "";
			targets = (
				187015582E6EB8D1004F268E /* SlideMenuViewController */,
				1870156E2E6EB8D3004F268E /* SlideMenuViewControllerTests */,
				187015782E6EB8D3004F268E /* SlideMenuViewControllerUITests */,
			);
		};
/* End PBXProject section */

/* Begin PBXResourcesBuildPhase section */
		187015572E6EB8D1004F268E /* Resources */ = {
			isa = PBXResourcesBuildPhase;
			buildActionMask = 2147483647;
			files = (
			);
			runOnlyForDeploymentPostprocessing = 0;
		};
		1870156D2E6EB8D3004F268E /* Resources */ = {
			isa = PBXResourcesBuildPhase;
			buildActionMask = 2147483647;
			files = (
			);
			runOnlyForDeploymentPostprocessing = 0;
		};
		187015772E6EB8D3004F268E /* Resources */ = {
			isa = PBXResourcesBuildPhase;
			buildActionMask = 2147483647;
			files = (
			);
			runOnlyForDeploymentPostprocessing = 0;
		};
/* End PBXResourcesBuildPhase section */

/* Begin PBXSourcesBuildPhase section */
		187015552E6EB8D1004F268E /* Sources */ = {
			isa = PBXSourcesBuildPhase;
			buildActionMask = 2147483647;
			files = (
				1870158F2E6EBB69004F268E /* SlideMenuViewController.swift in Sources */,
				1870155D2E6EB8D1004F268E /* SlideMenuViewControllerApp.swift in Sources */,
				187015642E6EB8D1004F268E /* ContentView.swift in Sources */,
				187015622E6EB8D1004F268E /* SlideMenuViewController.xcdatamodeld in Sources */,
				187015912E6EBC47004F268E /* Folder.swift in Sources */,
			);
			runOnlyForDeploymentPostprocessing = 0;
		};
		1870156B2E6EB8D3004F268E /* Sources */ = {
			isa = PBXSourcesBuildPhase;
			buildActionMask = 2147483647;
			files = (
			);
			runOnlyForDeploymentPostprocessing = 0;
		};
		187015752E6EB8D3004F268E /* Sources */ = {
			isa = PBXSourcesBuildPhase;
			buildActionMask = 2147483647;
			files = (
			);
			runOnlyForDeploymentPostprocessing = 0;
		};
/* End PBXSourcesBuildPhase section */

/* Begin PBXTargetDependency section */
		187015712E6EB8D3004F268E /* PBXTargetDependency */ = {
			isa = PBXTargetDependency;
			target = 187015582E6EB8D1004F268E /* SlideMenuViewController */;
			targetProxy = 187015702E6EB8D3004F268E /* PBXContainerItemProxy */;
		};
		1870157B2E6EB8D3004F268E /* PBXTargetDependency */ = {
			isa = PBXTargetDependency;
			target = 187015582E6EB8D1004F268E /* SlideMenuViewController */;
			targetProxy = 1870157A2E6EB8D3004F268E /* PBXContainerItemProxy */;
		};
/* End PBXTargetDependency section */

/* Begin XCBuildConfiguration section */
		187015812E6EB8D3004F268E /* Debug */ = {
			isa = XCBuildConfiguration;
			buildSettings = {
				ALWAYS_SEARCH_USER_PATHS = NO;
				ASSETCATALOG_COMPILER_GENERATE_SWIFT_ASSET_SYMBOL_EXTENSIONS = YES;
				CLANG_ANALYZER_NONNULL = YES;
				CLANG_ANALYZER_NUMBER_OBJECT_CONVERSION = YES_AGGRESSIVE;
				CLANG_CXX_LANGUAGE_STANDARD = "gnu++20";
				CLANG_ENABLE_MODULES = YES;
				CLANG_ENABLE_OBJC_ARC = YES;
				CLANG_ENABLE_OBJC_WEAK = YES;
				CLANG_WARN_BLOCK_CAPTURE_AUTORELEASING = YES;
				CLANG_WARN_BOOL_CONVERSION = YES;
				CLANG_WARN_COMMA = YES;
				CLANG_WARN_CONSTANT_CONVERSION = YES;
				CLANG_WARN_DEPRECATED_OBJC_IMPLEMENTATIONS = YES;
				CLANG_WARN_DIRECT_OBJC_ISA_USAGE = YES_ERROR;
				CLANG_WARN_DOCUMENTATION_COMMENTS = YES;
				CLANG_WARN_EMPTY_BODY = YES;
				CLANG_WARN_ENUM_CONVERSION = YES;
				CLANG_WARN_INFINITE_RECURSION = YES;
				CLANG_WARN_INT_CONVERSION = YES;
				CLANG_WARN_NON_LITERAL_NULL_CONVERSION = YES;
				CLANG_WARN_OBJC_IMPLICIT_RETAIN_SELF = YES;
				CLANG_WARN_OBJC_LITERAL_CONVERSION = YES;
				CLANG_WARN_OBJC_ROOT_CLASS = YES_ERROR;
				CLANG_WARN_QUOTED_INCLUDE_IN_FRAMEWORK_HEADER = YES;
				CLANG_WARN_RANGE_LOOP_ANALYSIS = YES;
				CLANG_WARN_STRICT_PROTOTYPES = YES;
				CLANG_WARN_SUSPICIOUS_MOVE = YES;
				CLANG_WARN_UNGUARDED_AVAILABILITY = YES_AGGRESSIVE;
				CLANG_WARN_UNREACHABLE_CODE = YES;
				CLANG_WARN__DUPLICATE_METHOD_MATCH = YES;
				COPY_PHASE_STRIP = NO;
				DEBUG_INFORMATION_FORMAT = dwarf;
				ENABLE_STRICT_OBJC_MSGSEND = YES;
				ENABLE_TESTABILITY = YES;
				ENABLE_USER_SCRIPT_SANDBOXING = YES;
				GCC_C_LANGUAGE_STANDARD = gnu17;
				GCC_DYNAMIC_NO_PIC = NO;
				GCC_NO_COMMON_BLOCKS = YES;
				GCC_OPTIMIZATION_LEVEL = 0;
				GCC_PREPROCESSOR_DEFINITIONS = (
					"DEBUG=1",
					"$(inherited)",
				);
				GCC_WARN_64_TO_32_BIT_CONVERSION = YES;
				GCC_WARN_ABOUT_RETURN_TYPE = YES_ERROR;
				GCC_WARN_UNDECLARED_SELECTOR = YES;
				GCC_WARN_UNINITIALIZED_AUTOS = YES_AGGRESSIVE;
				GCC_WARN_UNUSED_FUNCTION = YES;
				GCC_WARN_UNUSED_VARIABLE = YES;
				LOCALIZATION_PREFERS_STRING_CATALOGS = YES;
				MTL_ENABLE_DEBUG_INFO = INCLUDE_SOURCE;
				MTL_FAST_MATH = YES;
				ONLY_ACTIVE_ARCH = YES;
				SWIFT_ACTIVE_COMPILATION_CONDITIONS = "DEBUG $(inherited)";
				SWIFT_OPTIMIZATION_LEVEL = "-Onone";
			};
			name = Debug;
		};
		187015822E6EB8D3004F268E /* Release */ = {
			isa = XCBuildConfiguration;
			buildSettings = {
				ALWAYS_SEARCH_USER_PATHS = NO;
				ASSETCATALOG_COMPILER_GENERATE_SWIFT_ASSET_SYMBOL_EXTENSIONS = YES;
				CLANG_ANALYZER_NONNULL = YES;
				CLANG_ANALYZER_NUMBER_OBJECT_CONVERSION = YES_AGGRESSIVE;
				CLANG_CXX_LANGUAGE_STANDARD = "gnu++20";
				CLANG_ENABLE_MODULES = YES;
				CLANG_ENABLE_OBJC_ARC = YES;
				CLANG_ENABLE_OBJC_WEAK = YES;
				CLANG_WARN_BLOCK_CAPTURE_AUTORELEASING = YES;
				CLANG_WARN_BOOL_CONVERSION = YES;
				CLANG_WARN_COMMA = YES;
				CLANG_WARN_CONSTANT_CONVERSION = YES;
				CLANG_WARN_DEPRECATED_OBJC_IMPLEMENTATIONS = YES;
				CLANG_WARN_DIRECT_OBJC_ISA_USAGE = YES_ERROR;
				CLANG_WARN_DOCUMENTATION_COMMENTS = YES;
				CLANG_WARN_EMPTY_BODY = YES;
				CLANG_WARN_ENUM_CONVERSION = YES;
				CLANG_WARN_INFINITE_RECURSION = YES;
				CLANG_WARN_INT_CONVERSION = YES;
				CLANG_WARN_NON_LITERAL_NULL_CONVERSION = YES;
				CLANG_WARN_OBJC_IMPLICIT_RETAIN_SELF = YES;
				CLANG_WARN_OBJC_LITERAL_CONVERSION = YES;
				CLANG_WARN_OBJC_ROOT_CLASS = YES_ERROR;
				CLANG_WARN_QUOTED_INCLUDE_IN_FRAMEWORK_HEADER = YES;
				CLANG_WARN_RANGE_LOOP_ANALYSIS = YES;
				CLANG_WARN_STRICT_PROTOTYPES = YES;
				CLANG_WARN_SUSPICIOUS_MOVE = YES;
				CLANG_WARN_UNGUARDED_AVAILABILITY = YES_AGGRESSIVE;
				CLANG_WARN_UNREACHABLE_CODE = YES;
				CLANG_WARN__DUPLICATE_METHOD_MATCH = YES;
				COPY_PHASE_STRIP = NO;
				DEBUG_INFORMATION_FORMAT = "dwarf-with-dsym";
				ENABLE_NS_ASSERTIONS = NO;
				ENABLE_STRICT_OBJC_MSGSEND = YES;
				ENABLE_USER_SCRIPT_SANDBOXING = YES;
				GCC_C_LANGUAGE_STANDARD = gnu17;
				GCC_NO_COMMON_BLOCKS = YES;
				GCC_WARN_64_TO_32_BIT_CONVERSION = YES;
				GCC_WARN_ABOUT_RETURN_TYPE = YES_ERROR;
				GCC_WARN_UNDECLARED_SELECTOR = YES;
				GCC_WARN_UNINITIALIZED_AUTOS = YES_AGGRESSIVE;
				GCC_WARN_UNUSED_FUNCTION = YES;
				GCC_WARN_UNUSED_VARIABLE = YES;
				LOCALIZATION_PREFERS_STRING_CATALOGS = YES;
				MTL_ENABLE_DEBUG_INFO = NO;
				MTL_FAST_MATH = YES;
				SWIFT_COMPILATION_MODE = wholemodule;
			};
			name = Release;
		};
		187015842E6EB8D3004F268E /* Debug */ = {
			isa = XCBuildConfiguration;
			buildSettings = {
				ASSETCATALOG_COMPILER_APPICON_NAME = AppIcon;
				ASSETCATALOG_COMPILER_GLOBAL_ACCENT_COLOR_NAME = AccentColor;
				CODE_SIGN_ENTITLEMENTS = SlideMenuViewController/SlideMenuViewController.entitlements;
				CODE_SIGN_STYLE = Automatic;
				CURRENT_PROJECT_VERSION = 1;
				DEVELOPMENT_ASSET_PATHS = "\"SlideMenuViewController/Preview Content\"";
				DEVELOPMENT_TEAM = 36Z8VP4JN8;
				ENABLE_HARDENED_RUNTIME = YES;
				ENABLE_PREVIEWS = YES;
				GENERATE_INFOPLIST_FILE = YES;
				"INFOPLIST_KEY_UIApplicationSceneManifest_Generation[sdk=iphoneos*]" = YES;
				"INFOPLIST_KEY_UIApplicationSceneManifest_Generation[sdk=iphonesimulator*]" = YES;
				"INFOPLIST_KEY_UIApplicationSupportsIndirectInputEvents[sdk=iphoneos*]" = YES;
				"INFOPLIST_KEY_UIApplicationSupportsIndirectInputEvents[sdk=iphonesimulator*]" = YES;
				"INFOPLIST_KEY_UILaunchScreen_Generation[sdk=iphoneos*]" = YES;
				"INFOPLIST_KEY_UILaunchScreen_Generation[sdk=iphonesimulator*]" = YES;
				"INFOPLIST_KEY_UIStatusBarStyle[sdk=iphoneos*]" = UIStatusBarStyleDefault;
				"INFOPLIST_KEY_UIStatusBarStyle[sdk=iphonesimulator*]" = UIStatusBarStyleDefault;
				INFOPLIST_KEY_UISupportedInterfaceOrientations_iPad = "UIInterfaceOrientationPortrait UIInterfaceOrientationPortraitUpsideDown UIInterfaceOrientationLandscapeLeft UIInterfaceOrientationLandscapeRight";
				INFOPLIST_KEY_UISupportedInterfaceOrientations_iPhone = "UIInterfaceOrientationPortrait UIInterfaceOrientationLandscapeLeft UIInterfaceOrientationLandscapeRight";
				IPHONEOS_DEPLOYMENT_TARGET = 18.2;
				LD_RUNPATH_SEARCH_PATHS = "@executable_path/Frameworks";
				"LD_RUNPATH_SEARCH_PATHS[sdk=macosx*]" = "@executable_path/../Frameworks";
				MACOSX_DEPLOYMENT_TARGET = 15.0;
				MARKETING_VERSION = 1.0;
				PRODUCT_BUNDLE_IDENTIFIER = "boad-system.SlideMenuViewController";
				PRODUCT_NAME = "$(TARGET_NAME)";
				SDKROOT = auto;
				SUPPORTED_PLATFORMS = "iphoneos iphonesimulator macosx xros xrsimulator";
				SWIFT_EMIT_LOC_STRINGS = YES;
				SWIFT_VERSION = 5.0;
				TARGETED_DEVICE_FAMILY = "1,2,7";
				XROS_DEPLOYMENT_TARGET = 2.2;
			};
			name = Debug;
		};
		187015852E6EB8D3004F268E /* Release */ = {
			isa = XCBuildConfiguration;
			buildSettings = {
				ASSETCATALOG_COMPILER_APPICON_NAME = AppIcon;
				ASSETCATALOG_COMPILER_GLOBAL_ACCENT_COLOR_NAME = AccentColor;
				CODE_SIGN_ENTITLEMENTS = SlideMenuViewController/SlideMenuViewController.entitlements;
				CODE_SIGN_STYLE = Automatic;
				CURRENT_PROJECT_VERSION = 1;
				DEVELOPMENT_ASSET_PATHS = "\"SlideMenuViewController/Preview Content\"";
				DEVELOPMENT_TEAM = 36Z8VP4JN8;
				ENABLE_HARDENED_RUNTIME = YES;
				ENABLE_PREVIEWS = YES;
				GENERATE_INFOPLIST_FILE = YES;
				"INFOPLIST_KEY_UIApplicationSceneManifest_Generation[sdk=iphoneos*]" = YES;
				"INFOPLIST_KEY_UIApplicationSceneManifest_Generation[sdk=iphonesimulator*]" = YES;
				"INFOPLIST_KEY_UIApplicationSupportsIndirectInputEvents[sdk=iphoneos*]" = YES;
				"INFOPLIST_KEY_UIApplicationSupportsIndirectInputEvents[sdk=iphonesimulator*]" = YES;
				"INFOPLIST_KEY_UILaunchScreen_Generation[sdk=iphoneos*]" = YES;
				"INFOPLIST_KEY_UILaunchScreen_Generation[sdk=iphonesimulator*]" = YES;
				"INFOPLIST_KEY_UIStatusBarStyle[sdk=iphoneos*]" = UIStatusBarStyleDefault;
				"INFOPLIST_KEY_UIStatusBarStyle[sdk=iphonesimulator*]" = UIStatusBarStyleDefault;
				INFOPLIST_KEY_UISupportedInterfaceOrientations_iPad = "UIInterfaceOrientationPortrait UIInterfaceOrientationPortraitUpsideDown UIInterfaceOrientationLandscapeLeft UIInterfaceOrientationLandscapeRight";
				INFOPLIST_KEY_UISupportedInterfaceOrientations_iPhone = "UIInterfaceOrientationPortrait UIInterfaceOrientationLandscapeLeft UIInterfaceOrientationLandscapeRight";
				IPHONEOS_DEPLOYMENT_TARGET = 18.2;
				LD_RUNPATH_SEARCH_PATHS = "@executable_path/Frameworks";
				"LD_RUNPATH_SEARCH_PATHS[sdk=macosx*]" = "@executable_path/../Frameworks";
				MACOSX_DEPLOYMENT_TARGET = 15.0;
				MARKETING_VERSION = 1.0;
				PRODUCT_BUNDLE_IDENTIFIER = "boad-system.SlideMenuViewController";
				PRODUCT_NAME = "$(TARGET_NAME)";
				SDKROOT = auto;
				SUPPORTED_PLATFORMS = "iphoneos iphonesimulator macosx xros xrsimulator";
				SWIFT_EMIT_LOC_STRINGS = YES;
				SWIFT_VERSION = 5.0;
				TARGETED_DEVICE_FAMILY = "1,2,7";
				XROS_DEPLOYMENT_TARGET = 2.2;
			};
			name = Release;
		};
		187015872E6EB8D3004F268E /* Debug */ = {
			isa = XCBuildConfiguration;
			buildSettings = {
				BUNDLE_LOADER = "$(TEST_HOST)";
				CODE_SIGN_STYLE = Automatic;
				CURRENT_PROJECT_VERSION = 1;
				DEVELOPMENT_TEAM = 36Z8VP4JN8;
				GENERATE_INFOPLIST_FILE = YES;
				IPHONEOS_DEPLOYMENT_TARGET = 18.2;
				MACOSX_DEPLOYMENT_TARGET = 15.0;
				MARKETING_VERSION = 1.0;
				PRODUCT_BUNDLE_IDENTIFIER = "boad-system.SlideMenuViewControllerTests";
				PRODUCT_NAME = "$(TARGET_NAME)";
				SDKROOT = auto;
				SUPPORTED_PLATFORMS = "iphoneos iphonesimulator macosx xros xrsimulator";
				SWIFT_EMIT_LOC_STRINGS = NO;
				SWIFT_VERSION = 5.0;
				TARGETED_DEVICE_FAMILY = "1,2,7";
				TEST_HOST = "$(BUILT_PRODUCTS_DIR)/SlideMenuViewController.app/$(BUNDLE_EXECUTABLE_FOLDER_PATH)/SlideMenuViewController";
				XROS_DEPLOYMENT_TARGET = 2.2;
			};
			name = Debug;
		};
		187015882E6EB8D3004F268E /* Release */ = {
			isa = XCBuildConfiguration;
			buildSettings = {
				BUNDLE_LOADER = "$(TEST_HOST)";
				CODE_SIGN_STYLE = Automatic;
				CURRENT_PROJECT_VERSION = 1;
				DEVELOPMENT_TEAM = 36Z8VP4JN8;
				GENERATE_INFOPLIST_FILE = YES;
				IPHONEOS_DEPLOYMENT_TARGET = 18.2;
				MACOSX_DEPLOYMENT_TARGET = 15.0;
				MARKETING_VERSION = 1.0;
				PRODUCT_BUNDLE_IDENTIFIER = "boad-system.SlideMenuViewControllerTests";
				PRODUCT_NAME = "$(TARGET_NAME)";
				SDKROOT = auto;
				SUPPORTED_PLATFORMS = "iphoneos iphonesimulator macosx xros xrsimulator";
				SWIFT_EMIT_LOC_STRINGS = NO;
				SWIFT_VERSION = 5.0;
				TARGETED_DEVICE_FAMILY = "1,2,7";
				TEST_HOST = "$(BUILT_PRODUCTS_DIR)/SlideMenuViewController.app/$(BUNDLE_EXECUTABLE_FOLDER_PATH)/SlideMenuViewController";
				XROS_DEPLOYMENT_TARGET = 2.2;
			};
			name = Release;
		};
		1870158A2E6EB8D3004F268E /* Debug */ = {
			isa = XCBuildConfiguration;
			buildSettings = {
				CODE_SIGN_STYLE = Automatic;
				CURRENT_PROJECT_VERSION = 1;
				DEVELOPMENT_TEAM = 36Z8VP4JN8;
				GENERATE_INFOPLIST_FILE = YES;
				IPHONEOS_DEPLOYMENT_TARGET = 18.2;
				MACOSX_DEPLOYMENT_TARGET = 15.0;
				MARKETING_VERSION = 1.0;
				PRODUCT_BUNDLE_IDENTIFIER = "boad-system.SlideMenuViewControllerUITests";
				PRODUCT_NAME = "$(TARGET_NAME)";
				SDKROOT = auto;
				SUPPORTED_PLATFORMS = "iphoneos iphonesimulator macosx xros xrsimulator";
				SWIFT_EMIT_LOC_STRINGS = NO;
				SWIFT_VERSION = 5.0;
				TARGETED_DEVICE_FAMILY = "1,2,7";
				TEST_TARGET_NAME = SlideMenuViewController;
				XROS_DEPLOYMENT_TARGET = 2.2;
			};
			name = Debug;
		};
		1870158B2E6EB8D3004F268E /* Release */ = {
			isa = XCBuildConfiguration;
			buildSettings = {
				CODE_SIGN_STYLE = Automatic;
				CURRENT_PROJECT_VERSION = 1;
				DEVELOPMENT_TEAM = 36Z8VP4JN8;
				GENERATE_INFOPLIST_FILE = YES;
				IPHONEOS_DEPLOYMENT_TARGET = 18.2;
				MACOSX_DEPLOYMENT_TARGET = 15.0;
				MARKETING_VERSION = 1.0;
				PRODUCT_BUNDLE_IDENTIFIER = "boad-system.SlideMenuViewControllerUITests";
				PRODUCT_NAME = "$(TARGET_NAME)";
				SDKROOT = auto;
				SUPPORTED_PLATFORMS = "iphoneos iphonesimulator macosx xros xrsimulator";
				SWIFT_EMIT_LOC_STRINGS = NO;
				SWIFT_VERSION = 5.0;
				TARGETED_DEVICE_FAMILY = "1,2,7";
				TEST_TARGET_NAME = SlideMenuViewController;
				XROS_DEPLOYMENT_TARGET = 2.2;
			};
			name = Release;
		};
/* End XCBuildConfiguration section */

/* Begin XCConfigurationList section */
		187015542E6EB8D1004F268E /* Build configuration list for PBXProject "SlideMenuViewController" */ = {
			isa = XCConfigurationList;
			buildConfigurations = (
				187015812E6EB8D3004F268E /* Debug */,
				187015822E6EB8D3004F268E /* Release */,
			);
			defaultConfigurationIsVisible = 0;
			defaultConfigurationName = Release;
		};
		187015832E6EB8D3004F268E /* Build configuration list for PBXNativeTarget "SlideMenuViewController" */ = {
			isa = XCConfigurationList;
			buildConfigurations = (
				187015842E6EB8D3004F268E /* Debug */,
				187015852E6EB8D3004F268E /* Release */,
			);
			defaultConfigurationIsVisible = 0;
			defaultConfigurationName = Release;
		};
		187015862E6EB8D3004F268E /* Build configuration list for PBXNativeTarget "SlideMenuViewControllerTests" */ = {
			isa = XCConfigurationList;
			buildConfigurations = (
				187015872E6EB8D3004F268E /* Debug */,
				187015882E6EB8D3004F268E /* Release */,
			);
			defaultConfigurationIsVisible = 0;
			defaultConfigurationName = Release;
		};
		187015892E6EB8D3004F268E /* Build configuration list for PBXNativeTarget "SlideMenuViewControllerUITests" */ = {
			isa = XCConfigurationList;
			buildConfigurations = (
				1870158A2E6EB8D3004F268E /* Debug */,
				1870158B2E6EB8D3004F268E /* Release */,
			);
			defaultConfigurationIsVisible = 0;
			defaultConfigurationName = Release;
		};
/* End XCConfigurationList section */

/* Begin XCVersionGroup section */
		187015602E6EB8D1004F268E /* SlideMenuViewController.xcdatamodeld */ = {
			isa = XCVersionGroup;
			children = (
				187015612E6EB8D1004F268E /* SlideMenuViewController.xcdatamodel */,
			);
			currentVersion = 187015612E6EB8D1004F268E /* SlideMenuViewController.xcdatamodel */;
			path = SlideMenuViewController.xcdatamodeld;
			sourceTree = "<group>";
			versionGroupType = wrapper.xcdatamodel;
		};
/* End XCVersionGroup section */
	};
	rootObject = 187015512E6EB8D1004F268E /* Project object */;
}
